altgraph==0.17.5
editdistance==0.8.1
munkres==1.1.4
numpy==2.5.2
packaging==26.3
pandas==3.0.5
panphon==0.22.2
pefile==2023.2.7
pyinstaller==6.15.0
pyinstaller-hooks-contrib==2026.6
python-dateutil==2.9.0.post0
pywin32-ctypes==0.2.3
PyYAML==6.0.3
regex==2026.7.19
setuptools==84.0.0
six==1.17.0
tzdata==2026.3
unicodecsv==0.14.1
